
Microsoft Visual Studio Solution File, Format Version 12.00
# Visual Studio 15
VisualStudioVersion = 15.0.28307.960
MinimumVisualStudioVersion = 10.0.40219.1
Project("{FAE04EC0-301F-11D3-BF4B-00C04F79EFBC}") = "CapaDatos", "CapaDatos\CapaDatos.csproj", "{111313E3-D6AB-4A88-ABDC-4FF28741BCA9}"
EndProject
Project("{FAE04EC0-301F-11D3-BF4B-00C04F79EFBC}") = "CapaEntidad", "CapaEntidad\CapaEntidad.csproj", "{209B9B7F-8EC1-4399-82C4-F34F9E82A350}"
EndProject
Project("{FAE04EC0-301F-11D3-BF4B-00C04F79EFBC}") = "CapaNegocio", "CapaNegocio\CapaNegocio.csproj", "{EF9350B4-3FA5-406B-9471-D07948885AC7}"
EndProject
Project("{FAE04EC0-301F-11D3-BF4B-00C04F79EFBC}") = "Capa Presentacion", "Capa Presentacion\Capa Presentacion.csproj", "{DF5E2EE4-8D76-4174-AE69-44FEBE39EBFE}"
EndProject
Global
	GlobalSection(SolutionConfigurationPlatforms) = preSolution
		Debug|Any CPU = Debug|Any CPU
		Release|Any CPU = Release|Any CPU
	EndGlobalSection
	GlobalSection(ProjectConfigurationPlatforms) = postSolution
		{111313E3-D6AB-4A88-ABDC-4FF28741BCA9}.Debug|Any CPU.ActiveCfg = Debug|Any CPU
		{111313E3-D6AB-4A88-ABDC-4FF28741BCA9}.Debug|Any CPU.Build.0 = Debug|Any CPU
		{111313E3-D6AB-4A88-ABDC-4FF28741BCA9}.Release|Any CPU.ActiveCfg = Release|Any CPU
		{111313E3-D6AB-4A88-ABDC-4FF28741BCA9}.Release|Any CPU.Build.0 = Release|Any CPU
		{209B9B7F-8EC1-4399-82C4-F34F9E82A350}.Debug|Any CPU.ActiveCfg = Debug|Any CPU
		{209B9B7F-8EC1-4399-82C4-F34F9E82A350}.Debug|Any CPU.Build.0 = Debug|Any CPU
		{209B9B7F-8EC1-4399-82C4-F34F9E82A350}.Release|Any CPU.ActiveCfg = Release|Any CPU
		{209B9B7F-8EC1-4399-82C4-F34F9E82A350}.Release|Any CPU.Build.0 = Release|Any CPU
		{EF9350B4-3FA5-406B-9471-D07948885AC7}.Debug|Any CPU.ActiveCfg = Debug|Any CPU
		{EF9350B4-3FA5-406B-9471-D07948885AC7}.Debug|Any CPU.Build.0 = Debug|Any CPU
		{EF9350B4-3FA5-406B-9471-D07948885AC7}.Release|Any CPU.ActiveCfg = Release|Any CPU
		{EF9350B4-3FA5-406B-9471-D07948885AC7}.Release|Any CPU.Build.0 = Release|Any CPU
		{DF5E2EE4-8D76-4174-AE69-44FEBE39EBFE}.Debug|Any CPU.ActiveCfg = Debug|Any CPU
		{DF5E2EE4-8D76-4174-AE69-44FEBE39EBFE}.Debug|Any CPU.Build.0 = Debug|Any CPU
		{DF5E2EE4-8D76-4174-AE69-44FEBE39EBFE}.Release|Any CPU.ActiveCfg = Release|Any CPU
		{DF5E2EE4-8D76-4174-AE69-44FEBE39EBFE}.Release|Any CPU.Build.0 = Release|Any CPU
	EndGlobalSection
	GlobalSection(SolutionProperties) = preSolution
		HideSolutionNode = FALSE
	EndGlobalSection
	GlobalSection(ExtensibilityGlobals) = postSolution
		SolutionGuid = {21D9AF68-84E4-4644-86FD-EBB811FA6F66}
	EndGlobalSection
EndGlobal
